
Microsoft Visual Studio Solution File, Format Version 12.00
# Visual Studio Version 17
VisualStudioVersion = 17.6.33723.286
MinimumVisualStudioVersion = 10.0.40219.1
Project("{FAE04EC0-301F-11D3-BF4B-00C04F79EFBC}") = "Zadanie1", "Zadanie1.csproj", "{3C32D837-26BB-4200-9D64-4E6275C2AE78}"
EndProject
Global
	GlobalSection(SolutionConfigurationPlatforms) = preSolution
		Debug|Any CPU = Debug|Any CPU
		Release|Any CPU = Release|Any CPU
	EndGlobalSection
	GlobalSection(ProjectConfigurationPlatforms) = postSolution
		{3C32D837-26BB-4200-9D64-4E6275C2AE78}.Debug|Any CPU.ActiveCfg = Debug|Any CPU
		{3C32D837-26BB-4200-9D64-4E6275C2AE78}.Debug|Any CPU.Build.0 = Debug|Any CPU
		{3C32D837-26BB-4200-9D64-4E6275C2AE78}.Release|Any CPU.ActiveCfg = Release|Any CPU
		{3C32D837-26BB-4200-9D64-4E6275C2AE78}.Release|Any CPU.Build.0 = Release|Any CPU
	EndGlobalSection
	GlobalSection(SolutionProperties) = preSolution
		HideSolutionNode = FALSE
	EndGlobalSection
	GlobalSection(ExtensibilityGlobals) = postSolution
		SolutionGuid = {A5181D51-8A33-4B48-845B-9A37E0D57AAE}
	EndGlobalSection
EndGlobal
