
Microsoft Visual Studio Solution File, Format Version 12.00
# Visual Studio Version 17
VisualStudioVersion = 17.6.33723.286
MinimumVisualStudioVersion = 10.0.40219.1
Project("{FAE04EC0-301F-11D3-BF4B-00C04F79EFBC}") = "Zadanie2", "Zadanie2.csproj", "{B06ED55D-BECF-4641-9D8C-1B28DCB66E04}"
EndProject
Global
	GlobalSection(SolutionConfigurationPlatforms) = preSolution
		Debug|Any CPU = Debug|Any CPU
		Release|Any CPU = Release|Any CPU
	EndGlobalSection
	GlobalSection(ProjectConfigurationPlatforms) = postSolution
		{B06ED55D-BECF-4641-9D8C-1B28DCB66E04}.Debug|Any CPU.ActiveCfg = Debug|Any CPU
		{B06ED55D-BECF-4641-9D8C-1B28DCB66E04}.Debug|Any CPU.Build.0 = Debug|Any CPU
		{B06ED55D-BECF-4641-9D8C-1B28DCB66E04}.Release|Any CPU.ActiveCfg = Release|Any CPU
		{B06ED55D-BECF-4641-9D8C-1B28DCB66E04}.Release|Any CPU.Build.0 = Release|Any CPU
	EndGlobalSection
	GlobalSection(SolutionProperties) = preSolution
		HideSolutionNode = FALSE
	EndGlobalSection
	GlobalSection(ExtensibilityGlobals) = postSolution
		SolutionGuid = {9D80705C-15CA-4019-82A8-05C985CB8D3A}
	EndGlobalSection
EndGlobal
